{
  "name": "web",
  "version": "0.0.3",
  "lockfileVersion": 1,
  "requires": true,
  "dependencies": {
    "async": {
      "version": "2.6.0",
      "resolved": "https://registry.npmjs.org/async/-/async-2.6.0.tgz",
      "integrity": "sha512-xAfGg1/NTLBBKlHFmnd7PlmUW9KhVQIUuSrYem9xzFUZy13ScvtyGGejaae9iAVRiRq9+Cx7DPFaAAhCpyxyPw==",
      "requires": {
        "lodash": "4.17.4"
      }
    },
    "bindings": {
      "version": "https://registry.npmjs.org/bindings/-/bindings-1.3.0.tgz",
      "integrity": "sha1-s0b27PapX1qBXFg5/HzbIlAvHtc=",
      "optional": true
    },
    "buffer-v6-polyfill": {
      "version": "https://registry.npmjs.org/buffer-v6-polyfill/-/buffer-v6-polyfill-1.0.5.tgz",
      "integrity": "sha1-0c2v61YAvvbCjWFElkJWvRLgFnc="
    },
    "le-challenge-fs": {
      "version": "https://registry.npmjs.org/le-challenge-fs/-/le-challenge-fs-2.0.8.tgz",
      "integrity": "sha1-ttRYo38JfoffPYtf9nATc3q51aI=",
      "requires": {
        "mkdirp": "https://registry.npmjs.org/mkdirp/-/mkdirp-0.5.1.tgz"
      }
    },
    "le-challenge-sni": {
      "version": "https://registry.npmjs.org/le-challenge-sni/-/le-challenge-sni-2.0.1.tgz",
      "integrity": "sha1-TiYvG/Us8dGB5kvBh3dremjI9Bc=",
      "requires": {
        "le-tls-sni": "https://registry.npmjs.org/le-tls-sni/-/le-tls-sni-0.1.4.tgz"
      }
    },
    "le-tls-sni": {
      "version": "https://registry.npmjs.org/le-tls-sni/-/le-tls-sni-0.1.4.tgz",
      "integrity": "sha1-eFMJoHsOuyQZD+W6YVucx2hc4Zw=",
      "requires": {
        "node-forge": "https://registry.npmjs.org/node-forge/-/node-forge-0.6.49.tgz",
        "rsa-compat": "https://registry.npmjs.org/rsa-compat/-/rsa-compat-1.2.7.tgz"
      }
    },
    "lodash": {
      "version": "4.17.4",
      "resolved": "https://registry.npmjs.org/lodash/-/lodash-4.17.4.tgz",
      "integrity": "sha1-eCA6TRwyiuHYbcpkYONptX9AVa4="
    },
    "minimist": {
      "version": "https://registry.npmjs.org/minimist/-/minimist-0.0.8.tgz",
      "integrity": "sha1-hX/Kv8M5fSYluCKCYuhqp6ARsF0="
    },
    "mkdirp": {
      "version": "https://registry.npmjs.org/mkdirp/-/mkdirp-0.5.1.tgz",
      "integrity": "sha1-MAV0OOrGz3+MR2fzhkjWaX11yQM=",
      "requires": {
        "minimist": "https://registry.npmjs.org/minimist/-/minimist-0.0.8.tgz"
      }
    },
    "nan": {
      "version": "https://registry.npmjs.org/nan/-/nan-2.6.2.tgz",
      "integrity": "sha1-5P805slf37WuzAjeZZb0NgWn20U=",
      "optional": true
    },
    "node-forge": {
      "version": "https://registry.npmjs.org/node-forge/-/node-forge-0.6.49.tgz",
      "integrity": "sha1-8e6V1ddGI5OP4Z1piqWibVTS9g8="
    },
    "rsa-compat": {
      "version": "https://registry.npmjs.org/rsa-compat/-/rsa-compat-1.2.7.tgz",
      "integrity": "sha1-fEY23nmIhanzyQQ26jgE41sWhMg=",
      "requires": {
        "buffer-v6-polyfill": "https://registry.npmjs.org/buffer-v6-polyfill/-/buffer-v6-polyfill-1.0.5.tgz",
        "node-forge": "https://registry.npmjs.org/node-forge/-/node-forge-0.6.49.tgz",
        "ursa": "https://registry.npmjs.org/ursa/-/ursa-0.9.4.tgz"
      }
    },
    "ursa": {
      "version": "https://registry.npmjs.org/ursa/-/ursa-0.9.4.tgz",
      "integrity": "sha1-Ciq/t9xCZ/czsPjy/H8siV1ApBM=",
      "optional": true,
      "requires": {
        "bindings": "https://registry.npmjs.org/bindings/-/bindings-1.3.0.tgz",
        "nan": "https://registry.npmjs.org/nan/-/nan-2.6.2.tgz"
      }
    }
  }
}
